<?xml version="1.0" encoding="utf-8"?>
<Project ToolsVersion="4.0" xmlns="http://schemas.microsoft.com/developer/msbuild/2003">
  <ItemGroup>
    <Filter Include="Quelldateien">
      <UniqueIdentifier>{4FC737F1-C7A5-4376-A066-2A32D752A2FF}</UniqueIdentifier>
      <Extensions>cpp;c;cc;cxx;def;odl;idl;hpj;bat;asm;asmx</Extensions>
    </Filter>
    <Filter Include="Headerdateien">
      <UniqueIdentifier>{93995380-89BD-4b04-88EB-625FBE52EBFB}</UniqueIdentifier>
      <Extensions>h;hh;hpp;hxx;hm;inl;inc;ipp;xsd</Extensions>
    </Filter>
    <Filter Include="Ressourcendateien">
      <UniqueIdentifier>{67DA6AB6-F800-4c08-8B7A-83BB121AAD01}</UniqueIdentifier>
      <Extensions>rc;ico;cur;bmp;dlg;rc2;rct;bin;rgs;gif;jpg;jpeg;jpe;resx;tiff;tif;png;wav;mfcribbon-ms</Extensions>
    </Filter>
    <Filter Include="Quelldateien\Components">
      <UniqueIdentifier>{a507cead-a6bd-4942-93b8-a1117329c68c}</UniqueIdentifier>
    </Filter>
    <Filter Include="Headerdateien\Components">
      <UniqueIdentifier>{a615c8d1-a82c-449f-8c5f-6f34bb573d69}</UniqueIdentifier>
    </Filter>
    <Filter Include="Quelldateien\Core">
      <UniqueIdentifier>{d86a7cd5-f64c-4c9d-a4d4-f7a824aa1d44}</UniqueIdentifier>
    </Filter>
    <Filter Include="Headerdateien\Core">
      <UniqueIdentifier>{c2306c7f-d11d-4aec-92cc-7ebb19f8ed06}</UniqueIdentifier>
    </Filter>
    <Filter Include="Quelldateien\Materials">
      <UniqueIdentifier>{7586d5a6-4cf2-43dc-9658-de161db19e6c}</UniqueIdentifier>
    </Filter>
    <Filter Include="Headerdateien\Materials">
      <UniqueIdentifier>{6bdd94a3-dbb7-4686-abbb-9bc243e65d40}</UniqueIdentifier>
    </Filter>
  </ItemGroup>
  <ItemGroup>
    <ClCompile Include="..\src\components\CameraComponent.cpp">
      <Filter>Quelldateien\Components</Filter>
    </ClCompile>
    <ClCompile Include="..\src\components\CircleCollider.cpp">
      <Filter>Quelldateien\Components</Filter>
    </ClCompile>
    <ClCompile Include="..\src\components\Collider.cpp">
      <Filter>Quelldateien\Components</Filter>
    </ClCompile>
    <ClCompile Include="..\src\components\ControlComponent.cpp">
      <Filter>Quelldateien\Components</Filter>
    </ClCompile>
    <ClCompile Include="..\src\components\DebugComponent.cpp">
      <Filter>Quelldateien\Components</Filter>
    </ClCompile>
    <ClCompile Include="..\src\components\EnemyComponent.cpp">
      <Filter>Quelldateien\Components</Filter>
    </ClCompile>
    <ClCompile Include="..\src\components\EnemySpawner.cpp">
      <Filter>Quelldateien\Components</Filter>
    </ClCompile>
    <ClCompile Include="..\src\components\HorizontalPlayerFollower.cpp">
      <Filter>Quelldateien\Components</Filter>
    </ClCompile>
    <ClCompile Include="..\src\components\LuaComponent.cpp">
      <Filter>Quelldateien\Components</Filter>
    </ClCompile>
    <ClCompile Include="..\src\components\ObjectBehaviour.cpp">
      <Filter>Quelldateien\Components</Filter>
    </ClCompile>
    <ClCompile Include="..\src\components\PlayerControls.cpp">
      <Filter>Quelldateien\Components</Filter>
    </ClCompile>
    <ClCompile Include="..\src\components\RectangleComponent.cpp">
      <Filter>Quelldateien\Components</Filter>
    </ClCompile>
    <ClCompile Include="..\src\components\Rigidbody2D.cpp">
      <Filter>Quelldateien\Components</Filter>
    </ClCompile>
    <ClCompile Include="..\src\components\ScoreComponent.cpp">
      <Filter>Quelldateien\Components</Filter>
    </ClCompile>
    <ClCompile Include="..\src\components\SelfDestructComp.cpp">
      <Filter>Quelldateien\Components</Filter>
    </ClCompile>
    <ClCompile Include="..\src\components\ShootComponent.cpp">
      <Filter>Quelldateien\Components</Filter>
    </ClCompile>
    <ClCompile Include="..\src\components\SpriteComponent.cpp">
      <Filter>Quelldateien\Components</Filter>
    </ClCompile>
    <ClCompile Include="..\src\components\StartComponent.cpp">
      <Filter>Quelldateien\Components</Filter>
    </ClCompile>
    <ClCompile Include="..\src\components\TextComponent.cpp">
      <Filter>Quelldateien\Components</Filter>
    </ClCompile>
    <ClCompile Include="..\src\Game.cpp">
      <Filter>Quelldateien</Filter>
    </ClCompile>
    <ClCompile Include="..\src\GameObject.cpp">
      <Filter>Quelldateien</Filter>
    </ClCompile>
    <ClCompile Include="..\src\LuaState.cpp">
      <Filter>Quelldateien</Filter>
    </ClCompile>
    <ClCompile Include="..\src\main.cpp">
      <Filter>Quelldateien</Filter>
    </ClCompile>
    <ClCompile Include="..\src\Settings.cpp">
      <Filter>Quelldateien</Filter>
    </ClCompile>
    <ClCompile Include="..\src\SoundManager.cpp">
      <Filter>Quelldateien</Filter>
    </ClCompile>
    <ClCompile Include="..\src\spaghet.cpp">
      <Filter>Quelldateien</Filter>
    </ClCompile>
    <ClCompile Include="..\src\SpriteLoader.cpp">
      <Filter>Quelldateien</Filter>
    </ClCompile>
    <ClCompile Include="..\src\TimeH.cpp">
      <Filter>Quelldateien</Filter>
    </ClCompile>
    <ClCompile Include="..\src\components\MeshComponent.cpp">
      <Filter>Quelldateien\Components</Filter>
    </ClCompile>
    <ClCompile Include="..\src\core\Mesh.cpp">
      <Filter>Quelldateien\Core</Filter>
    </ClCompile>
    <ClCompile Include="..\src\core\AssetLoader.cpp">
      <Filter>Quelldateien\Core</Filter>
    </ClCompile>
    <ClCompile Include="..\src\materials\AbstractMaterial.cpp">
      <Filter>Quelldateien\Materials</Filter>
    </ClCompile>
    <ClCompile Include="..\src\materials\ColorMaterial.cpp">
      <Filter>Quelldateien\Materials</Filter>
    </ClCompile>
    <ClCompile Include="..\src\materials\LitMaterial.cpp">
      <Filter>Quelldateien\Materials</Filter>
    </ClCompile>
    <ClCompile Include="..\src\materials\SpecularMaterial.cpp">
      <Filter>Quelldateien\Materials</Filter>
    </ClCompile>
    <ClCompile Include="..\src\materials\TerrainMaterial.cpp">
      <Filter>Quelldateien\Materials</Filter>
    </ClCompile>
    <ClCompile Include="..\src\materials\TextureMaterial.cpp">
      <Filter>Quelldateien\Materials</Filter>
    </ClCompile>
    <ClCompile Include="..\src\materials\WobbleMaterial.cpp">
      <Filter>Quelldateien\Materials</Filter>
    </ClCompile>
    <ClCompile Include="..\src\components\LightComponent.cpp">
      <Filter>Quelldateien\Components</Filter>
    </ClCompile>
    <ClCompile Include="..\src\core\ShaderProgram.cpp">
      <Filter>Quelldateien\Core</Filter>
    </ClCompile>
    <ClCompile Include="..\src\core\Texture.cpp">
      <Filter>Quelldateien\Core</Filter>
    </ClCompile>
    <ClCompile Include="..\src\components\MouseComponent.cpp">
      <Filter>Quelldateien\Components</Filter>
    </ClCompile>
    <ClCompile Include="..\src\Input.cpp">
      <Filter>Quelldateien</Filter>
    </ClCompile>
  </ItemGroup>
  <ItemGroup>
    <ResourceCompile Include="Spaghetti++.rc">
      <Filter>Ressourcendateien</Filter>
    </ResourceCompile>
  </ItemGroup>
  <ItemGroup>
    <ClInclude Include="..\src\components\CameraComponent.h">
      <Filter>Headerdateien\Components</Filter>
    </ClInclude>
    <ClInclude Include="..\src\components\CircleCollider.h">
      <Filter>Headerdateien\Components</Filter>
    </ClInclude>
    <ClInclude Include="..\src\components\Collider.h">
      <Filter>Headerdateien\Components</Filter>
    </ClInclude>
    <ClInclude Include="..\src\components\ControlComponent.h">
      <Filter>Headerdateien\Components</Filter>
    </ClInclude>
    <ClInclude Include="..\src\components\DebugComponent.h">
      <Filter>Headerdateien\Components</Filter>
    </ClInclude>
    <ClInclude Include="..\src\components\EnemyComponent.h">
      <Filter>Headerdateien\Components</Filter>
    </ClInclude>
    <ClInclude Include="..\src\components\EnemySpawner.h">
      <Filter>Headerdateien\Components</Filter>
    </ClInclude>
    <ClInclude Include="..\src\components\HorizontalPlayerFollower.h">
      <Filter>Headerdateien\Components</Filter>
    </ClInclude>
    <ClInclude Include="..\src\components\LuaComponent.h">
      <Filter>Headerdateien\Components</Filter>
    </ClInclude>
    <ClInclude Include="..\src\components\ObjectBehaviour.h">
      <Filter>Headerdateien\Components</Filter>
    </ClInclude>
    <ClInclude Include="..\src\components\PlayerControls.h">
      <Filter>Headerdateien\Components</Filter>
    </ClInclude>
    <ClInclude Include="..\src\components\RectangleComponent.h">
      <Filter>Headerdateien\Components</Filter>
    </ClInclude>
    <ClInclude Include="..\src\components\Rigidbody2D.h">
      <Filter>Headerdateien\Components</Filter>
    </ClInclude>
    <ClInclude Include="..\src\components\ScoreComponent.h">
      <Filter>Headerdateien\Components</Filter>
    </ClInclude>
    <ClInclude Include="..\src\components\SelfDestructComp.h">
      <Filter>Headerdateien\Components</Filter>
    </ClInclude>
    <ClInclude Include="..\src\components\ShootComponent.h">
      <Filter>Headerdateien\Components</Filter>
    </ClInclude>
    <ClInclude Include="..\src\components\SpriteComponent.h">
      <Filter>Headerdateien\Components</Filter>
    </ClInclude>
    <ClInclude Include="..\src\components\StartComponent.h">
      <Filter>Headerdateien\Components</Filter>
    </ClInclude>
    <ClInclude Include="..\src\components\TextComponent.h">
      <Filter>Headerdateien\Components</Filter>
    </ClInclude>
    <ClInclude Include="..\src\Game.h">
      <Filter>Headerdateien</Filter>
    </ClInclude>
    <ClInclude Include="..\src\GameObject.h">
      <Filter>Headerdateien</Filter>
    </ClInclude>
    <ClInclude Include="..\src\LuaState.h">
      <Filter>Headerdateien</Filter>
    </ClInclude>
    <ClInclude Include="..\src\resource.h">
      <Filter>Headerdateien</Filter>
    </ClInclude>
    <ClInclude Include="..\src\Settings.h">
      <Filter>Headerdateien</Filter>
    </ClInclude>
    <ClInclude Include="..\src\SoundManager.h">
      <Filter>Headerdateien</Filter>
    </ClInclude>
    <ClInclude Include="..\src\spaghet.h">
      <Filter>Headerdateien</Filter>
    </ClInclude>
    <ClInclude Include="..\src\SpriteLoader.h">
      <Filter>Headerdateien</Filter>
    </ClInclude>
    <ClInclude Include="..\src\TimeH.h">
      <Filter>Headerdateien</Filter>
    </ClInclude>
    <ClInclude Include="..\src\components\MeshComponent.h">
      <Filter>Headerdateien\Components</Filter>
    </ClInclude>
    <ClInclude Include="..\src\core\GLLight.hpp">
      <Filter>Headerdateien\Core</Filter>
    </ClInclude>
    <ClInclude Include="..\src\core\Mesh.hpp">
      <Filter>Headerdateien\Core</Filter>
    </ClInclude>
    <ClInclude Include="..\src\core\AssetLoader.h">
      <Filter>Headerdateien\Core</Filter>
    </ClInclude>
    <ClInclude Include="..\src\components\LightComponent.hpp">
      <Filter>Headerdateien\Components</Filter>
    </ClInclude>
    <ClInclude Include="..\src\materials\AbstractMaterial.hpp">
      <Filter>Headerdateien\Materials</Filter>
    </ClInclude>
    <ClInclude Include="..\src\materials\ColorMaterial.hpp">
      <Filter>Headerdateien\Materials</Filter>
    </ClInclude>
    <ClInclude Include="..\src\materials\LitMaterial.hpp">
      <Filter>Headerdateien\Materials</Filter>
    </ClInclude>
    <ClInclude Include="..\src\materials\SpecularMaterial.hpp">
      <Filter>Headerdateien\Materials</Filter>
    </ClInclude>
    <ClInclude Include="..\src\materials\TerrainMaterial.hpp">
      <Filter>Headerdateien\Materials</Filter>
    </ClInclude>
    <ClInclude Include="..\src\materials\TextureMaterial.hpp">
      <Filter>Headerdateien\Materials</Filter>
    </ClInclude>
    <ClInclude Include="..\src\materials\WobbleMaterial.hpp">
      <Filter>Headerdateien\Materials</Filter>
    </ClInclude>
    <ClInclude Include="..\src\core\ShaderProgram.hpp">
      <Filter>Headerdateien\Core</Filter>
    </ClInclude>
    <ClInclude Include="..\src\core\Texture.hpp">
      <Filter>Headerdateien\Core</Filter>
    </ClInclude>
    <ClInclude Include="..\src\components\MouseComponent.h">
      <Filter>Headerdateien\Components</Filter>
    </ClInclude>
    <ClInclude Include="..\src\Input.h">
      <Filter>Headerdateien</Filter>
    </ClInclude>
  </ItemGroup>
</Project>