<?xml version="1.0" encoding="utf-8"?>
<Project ToolsVersion="4.0" xmlns="http://schemas.microsoft.com/developer/msbuild/2003">
  <ItemGroup>
    <Filter Include="Quelldateien">
      <UniqueIdentifier>{4FC737F1-C7A5-4376-A066-2A32D752A2FF}</UniqueIdentifier>
      <Extensions>cpp;c;cc;cxx;def;odl;idl;hpj;bat;asm;asmx</Extensions>
    </Filter>
    <Filter Include="Headerdateien">
      <UniqueIdentifier>{93995380-89BD-4b04-88EB-625FBE52EBFB}</UniqueIdentifier>
      <Extensions>h;hh;hpp;hxx;hm;inl;inc;ipp;xsd</Extensions>
    </Filter>
    <Filter Include="Ressourcendateien">
      <UniqueIdentifier>{67DA6AB6-F800-4c08-8B7A-83BB121AAD01}</UniqueIdentifier>
      <Extensions>rc;ico;cur;bmp;dlg;rc2;rct;bin;rgs;gif;jpg;jpeg;jpe;resx;tiff;tif;png;wav;mfcribbon-ms</Extensions>
    </Filter>
    <Filter Include="Quelldateien\Components">
      <UniqueIdentifier>{a507cead-a6bd-4942-93b8-a1117329c68c}</UniqueIdentifier>
    </Filter>
  </ItemGroup>
  <ItemGroup>
    <ClInclude Include="spaghet.h">
      <Filter>Headerdateien</Filter>
    </ClInclude>
    <ClInclude Include="Game.h">
      <Filter>Headerdateien</Filter>
    </ClInclude>
    <ClInclude Include="Time.h">
      <Filter>Headerdateien</Filter>
    </ClInclude>
    <ClInclude Include="GameObject.h">
      <Filter>Headerdateien</Filter>
    </ClInclude>
    <ClInclude Include="ObjectBehaviour.h">
      <Filter>Headerdateien</Filter>
    </ClInclude>
    <ClInclude Include="CameraComponent.h">
      <Filter>Headerdateien</Filter>
    </ClInclude>
    <ClInclude Include="RectangleComponent.h">
      <Filter>Headerdateien</Filter>
    </ClInclude>
    <ClInclude Include="Rigidbody2D.h">
      <Filter>Headerdateien</Filter>
    </ClInclude>
    <ClInclude Include="vec2.hpp">
      <Filter>Headerdateien</Filter>
    </ClInclude>
    <ClInclude Include="ControlComponent.h">
      <Filter>Headerdateien</Filter>
    </ClInclude>
    <ClInclude Include="resource.h">
      <Filter>Headerdateien</Filter>
    </ClInclude>
    <ClInclude Include="SpriteComponent.h">
      <Filter>Headerdateien</Filter>
    </ClInclude>
    <ClInclude Include="SpriteLoader.h">
      <Filter>Headerdateien</Filter>
    </ClInclude>
    <ClInclude Include="PlayerControls.h">
      <Filter>Headerdateien</Filter>
    </ClInclude>
    <ClInclude Include="Collider.h">
      <Filter>Headerdateien</Filter>
    </ClInclude>
    <ClInclude Include="CircleCollider.h">
      <Filter>Headerdateien</Filter>
    </ClInclude>
    <ClInclude Include="HorizontalPlayerFollower.h">
      <Filter>Headerdateien</Filter>
    </ClInclude>
    <ClInclude Include="TextComponent.h">
      <Filter>Headerdateien</Filter>
    </ClInclude>
    <ClInclude Include="StartComponent.h">
      <Filter>Headerdateien</Filter>
    </ClInclude>
    <ClInclude Include="ShootComponent.h">
      <Filter>Headerdateien</Filter>
    </ClInclude>
    <ClInclude Include="EnemySpawner.h">
      <Filter>Headerdateien</Filter>
    </ClInclude>
    <ClInclude Include="SelfDestructComp.h">
      <Filter>Headerdateien</Filter>
    </ClInclude>
    <ClInclude Include="DebugComponent.h">
      <Filter>Headerdateien</Filter>
    </ClInclude>
    <ClInclude Include="EnemyComponent.h">
      <Filter>Headerdateien</Filter>
    </ClInclude>
    <ClInclude Include="ScoreComponent.h">
      <Filter>Headerdateien</Filter>
    </ClInclude>
    <ClInclude Include="SoundManager.h">
      <Filter>Headerdateien</Filter>
    </ClInclude>
  </ItemGroup>
  <ItemGroup>
    <ClCompile Include="spaghet.cpp">
      <Filter>Quelldateien</Filter>
    </ClCompile>
    <ClCompile Include="main.cpp">
      <Filter>Quelldateien</Filter>
    </ClCompile>
    <ClCompile Include="Game.cpp">
      <Filter>Quelldateien</Filter>
    </ClCompile>
    <ClCompile Include="Time.cpp">
      <Filter>Quelldateien</Filter>
    </ClCompile>
    <ClCompile Include="GameObject.cpp">
      <Filter>Quelldateien</Filter>
    </ClCompile>
    <ClCompile Include="ObjectBehaviour.cpp">
      <Filter>Quelldateien</Filter>
    </ClCompile>
    <ClCompile Include="CameraComponent.cpp">
      <Filter>Quelldateien\Components</Filter>
    </ClCompile>
    <ClCompile Include="RectangleComponent.cpp">
      <Filter>Quelldateien\Components</Filter>
    </ClCompile>
    <ClCompile Include="ControlComponent.cpp">
      <Filter>Quelldateien\Components</Filter>
    </ClCompile>
    <ClCompile Include="SpriteComponent.cpp">
      <Filter>Quelldateien\Components</Filter>
    </ClCompile>
    <ClCompile Include="SpriteLoader.cpp">
      <Filter>Quelldateien</Filter>
    </ClCompile>
    <ClCompile Include="Rigidbody2D.cpp">
      <Filter>Quelldateien\Components</Filter>
    </ClCompile>
    <ClCompile Include="Collider.cpp">
      <Filter>Quelldateien\Components</Filter>
    </ClCompile>
    <ClCompile Include="PlayerControls.cpp">
      <Filter>Quelldateien\Components</Filter>
    </ClCompile>
    <ClCompile Include="StartComponent.cpp">
      <Filter>Quelldateien\Components</Filter>
    </ClCompile>
    <ClCompile Include="CircleCollider.cpp">
      <Filter>Quelldateien\Components</Filter>
    </ClCompile>
    <ClCompile Include="HorizontalPlayerFollower.cpp">
      <Filter>Quelldateien\Components</Filter>
    </ClCompile>
    <ClCompile Include="ShootComponent.cpp">
      <Filter>Quelldateien\Components</Filter>
    </ClCompile>
    <ClCompile Include="TextComponent.cpp">
      <Filter>Quelldateien\Components</Filter>
    </ClCompile>
    <ClCompile Include="EnemySpawner.cpp">
      <Filter>Quelldateien</Filter>
    </ClCompile>
    <ClCompile Include="SelfDestructComp.cpp">
      <Filter>Quelldateien</Filter>
    </ClCompile>
    <ClCompile Include="DebugComponent.cpp">
      <Filter>Quelldateien</Filter>
    </ClCompile>
    <ClCompile Include="EnemyComponent.cpp">
      <Filter>Quelldateien</Filter>
    </ClCompile>
    <ClCompile Include="ScoreComponent.cpp">
      <Filter>Quelldateien</Filter>
    </ClCompile>
    <ClCompile Include="SoundManager.cpp">
      <Filter>Quelldateien</Filter>
    </ClCompile>
  </ItemGroup>
  <ItemGroup>
    <ResourceCompile Include="Spaghetti++.rc">
      <Filter>Ressourcendateien</Filter>
    </ResourceCompile>
  </ItemGroup>
  <ItemGroup>
    <Image Include="C:\Users\Devin\Pictures\gecko.png">
      <Filter>Ressourcendateien</Filter>
    </Image>
  </ItemGroup>
</Project>